
Microsoft Visual Studio Solution File, Format Version 12.00
# Visual Studio Version 17
VisualStudioVersion = 17.10.35122.118
MinimumVisualStudioVersion = 10.0.40219.1
Project("{FAE04EC0-301F-11D3-BF4B-00C04F79EFBC}") = "04TiendaTarea", "04TiendaTarea.csproj", "{9409068A-76C0-4D1F-8541-7468D52E3116}"
EndProject
Global
	GlobalSection(SolutionConfigurationPlatforms) = preSolution
		Debug|Any CPU = Debug|Any CPU
		Release|Any CPU = Release|Any CPU
	EndGlobalSection
	GlobalSection(ProjectConfigurationPlatforms) = postSolution
		{9409068A-76C0-4D1F-8541-7468D52E3116}.Debug|Any CPU.ActiveCfg = Debug|Any CPU
		{9409068A-76C0-4D1F-8541-7468D52E3116}.Debug|Any CPU.Build.0 = Debug|Any CPU
		{9409068A-76C0-4D1F-8541-7468D52E3116}.Release|Any CPU.ActiveCfg = Release|Any CPU
		{9409068A-76C0-4D1F-8541-7468D52E3116}.Release|Any CPU.Build.0 = Release|Any CPU
	EndGlobalSection
	GlobalSection(SolutionProperties) = preSolution
		HideSolutionNode = FALSE
	EndGlobalSection
	GlobalSection(ExtensibilityGlobals) = postSolution
		SolutionGuid = {8F69A6F9-BE60-4765-B662-AA8A9D0B3A6D}
	EndGlobalSection
EndGlobal
